
Microsoft Visual Studio Solution File, Format Version 12.00
# Visual Studio 14
VisualStudioVersion = 14.0.25420.1
MinimumVisualStudioVersion = 10.0.40219.1
Project("{FAE04EC0-301F-11D3-BF4B-00C04F79EFBC}") = "WpfAutoComplete", "WpfAutoComplete\WpfAutoComplete.csproj", "{208A81CC-D4E6-480B-839D-56C138F0D343}"
EndProject
Project("{FAE04EC0-301F-11D3-BF4B-00C04F79EFBC}") = "JiraIssueCreator", "JiraIssueCreator\JiraIssueCreator.csproj", "{705E01E3-C6D5-4516-A4F0-36DC82889AED}"
EndProject
Global
	GlobalSection(SolutionConfigurationPlatforms) = preSolution
		Debug|Any CPU = Debug|Any CPU
		Release|Any CPU = Release|Any CPU
	EndGlobalSection
	GlobalSection(ProjectConfigurationPlatforms) = postSolution
		{208A81CC-D4E6-480B-839D-56C138F0D343}.Debug|Any CPU.ActiveCfg = Debug|Any CPU
		{208A81CC-D4E6-480B-839D-56C138F0D343}.Debug|Any CPU.Build.0 = Debug|Any CPU
		{208A81CC-D4E6-480B-839D-56C138F0D343}.Release|Any CPU.ActiveCfg = Release|Any CPU
		{208A81CC-D4E6-480B-839D-56C138F0D343}.Release|Any CPU.Build.0 = Release|Any CPU
		{705E01E3-C6D5-4516-A4F0-36DC82889AED}.Debug|Any CPU.ActiveCfg = Debug|Any CPU
		{705E01E3-C6D5-4516-A4F0-36DC82889AED}.Debug|Any CPU.Build.0 = Debug|Any CPU
		{705E01E3-C6D5-4516-A4F0-36DC82889AED}.Release|Any CPU.ActiveCfg = Release|Any CPU
		{705E01E3-C6D5-4516-A4F0-36DC82889AED}.Release|Any CPU.Build.0 = Release|Any CPU
	EndGlobalSection
	GlobalSection(SolutionProperties) = preSolution
		HideSolutionNode = FALSE
	EndGlobalSection
EndGlobal
